
Microsoft Visual Studio Solution File, Format Version 12.00
# Visual Studio 15
Project("{FAE04EC0-301F-11D3-BF4B-00C04F79EFBC}") = "Assembly-CSharp", "Assembly-CSharp.csproj", "{2C4DCA3B-C640-3A9F-F1D2-3319FC9F0DB3}"
EndProject
Project("{FAE04EC0-301F-11D3-BF4B-00C04F79EFBC}") = "Assembly-CSharp-Editor", "Assembly-CSharp-Editor.csproj", "{B236985E-BCD5-EF8B-B028-B55B0F19EDC8}"
EndProject
Global
	GlobalSection(SolutionConfigurationPlatforms) = preSolution
		Debug|Any CPU = Debug|Any CPU
		Release|Any CPU = Release|Any CPU
	EndGlobalSection
	GlobalSection(ProjectConfigurationPlatforms) = postSolution
		{2C4DCA3B-C640-3A9F-F1D2-3319FC9F0DB3}.Debug|Any CPU.ActiveCfg = Debug|Any CPU
		{2C4DCA3B-C640-3A9F-F1D2-3319FC9F0DB3}.Debug|Any CPU.Build.0 = Debug|Any CPU
		{2C4DCA3B-C640-3A9F-F1D2-3319FC9F0DB3}.Release|Any CPU.ActiveCfg = Release|Any CPU
		{2C4DCA3B-C640-3A9F-F1D2-3319FC9F0DB3}.Release|Any CPU.Build.0 = Release|Any CPU
		{B236985E-BCD5-EF8B-B028-B55B0F19EDC8}.Debug|Any CPU.ActiveCfg = Debug|Any CPU
		{B236985E-BCD5-EF8B-B028-B55B0F19EDC8}.Debug|Any CPU.Build.0 = Debug|Any CPU
		{B236985E-BCD5-EF8B-B028-B55B0F19EDC8}.Release|Any CPU.ActiveCfg = Release|Any CPU
		{B236985E-BCD5-EF8B-B028-B55B0F19EDC8}.Release|Any CPU.Build.0 = Release|Any CPU
	EndGlobalSection
	GlobalSection(SolutionProperties) = preSolution
		HideSolutionNode = FALSE
	EndGlobalSection
EndGlobal
